<Solution>
  <Folder Name="/src/" >
	  <Project Path="src\Pebbles\Pebbles.csproj" />
  </Folder>
  <Folder Name="/tests/">
    <Project Path="tests/Pebbles.Benchmarks/Pebbles.Benchmarks.csproj" />
    <Project Path="tests/Pebbles.E2ETests/Pebbles.E2ETests.csproj" />
    <Project Path="tests/Pebbles.IntegrationTests/Pebbles.IntegrationTests.csproj" />
	<Project Path="tests\Pebbles.Tests\Pebbles.Tests.csproj" />
  </Folder>
</Solution>
